
Microsoft Visual Studio Solution File, Format Version 12.00
# Visual Studio Version 17
VisualStudioVersion = 17.5.33516.290
MinimumVisualStudioVersion = 10.0.40219.1
Project("{FAE04EC0-301F-11D3-BF4B-00C04F79EFBC}") = "MIS3033_Exam1_BradenFisher", "MIS3033_Exam1_BradenFisher\MIS3033_Exam1_BradenFisher.csproj", "{BA5C9B7D-A741-4B5C-BBC0-19E47DA95167}"
EndProject
Global
	GlobalSection(SolutionConfigurationPlatforms) = preSolution
		Debug|Any CPU = Debug|Any CPU
		Release|Any CPU = Release|Any CPU
	EndGlobalSection
	GlobalSection(ProjectConfigurationPlatforms) = postSolution
		{BA5C9B7D-A741-4B5C-BBC0-19E47DA95167}.Debug|Any CPU.ActiveCfg = Debug|Any CPU
		{BA5C9B7D-A741-4B5C-BBC0-19E47DA95167}.Debug|Any CPU.Build.0 = Debug|Any CPU
		{BA5C9B7D-A741-4B5C-BBC0-19E47DA95167}.Release|Any CPU.ActiveCfg = Release|Any CPU
		{BA5C9B7D-A741-4B5C-BBC0-19E47DA95167}.Release|Any CPU.Build.0 = Release|Any CPU
	EndGlobalSection
	GlobalSection(SolutionProperties) = preSolution
		HideSolutionNode = FALSE
	EndGlobalSection
	GlobalSection(ExtensibilityGlobals) = postSolution
		SolutionGuid = {A23B311C-CAB3-41D8-BAB8-5384C1A3FD4D}
	EndGlobalSection
EndGlobal
